{
    "_meta": {
        "hash": {
            "sha256": "376ea3a5e62dc3f694da6ff183511ecf376f984427cee0f445d3d64d39a702c1"
        },
        "pipfile-spec": 6,
        "requires": {
            "python_version": "3.10"
        },
        "sources": [
            {
                "name": "pypi",
                "url": "https://pypi.org/simple",
                "verify_ssl": true
            }
        ]
    },
    "default": {
        "libpebble2": {
            "hashes": [
                "sha256:cb38658a7f894fb9b6f8ceb891dcc277df8ee5a274fdda004cf5faf56a0445b0"
            ],
            "index": "pypi",
            "version": "==0.0.28"
        },
        "pybluez2": {
            "hashes": [
                "sha256:10294ea5aec397a468bf6fdec2944d4b9ee428657dfd95f4aee42a5e675ae34a",
                "sha256:3079e5394cd2bae9bbeda03243bd41e1eaa5515dcc7b4cce1bc56a966e5c3311",
                "sha256:44d6e01ec8dbfe629aebf89aa989678a0eec503256c3b42d91b1382509f4dabd",
                "sha256:4c68f0bfb7fe9b3766b23a0893635ee5b254ac50ef337a9bd3cd6db42358ce22",
                "sha256:771bb4a424eee1901f8ed977fbf9e4a5027cdfaa05a742861f1780517435d35b",
                "sha256:7e7513ccaebac1f75706cb5efc2d18a0877eeb04dc990eb9d4f54b9a8723983c",
                "sha256:88250fb4c113deb93f8c57884eb1ebe8feb9763d1477e3a3636585bfb6465bac",
                "sha256:9ff5173268f4c6de5cd8addb90fa46f243b9afba7f92c42f4f4f349d0fbada28",
                "sha256:a6131541bc3160f1dce49435cd920c95ca4b9d07436750db33bcb0688ec72b63",
                "sha256:b633df0fb1ef37ae4b6badb8b6f1015cf1f425e218faa182602a57679793a4d3",
                "sha256:cd95e51063e7dab613f95f28f6ce5a811cf1b9d508c9f88c9cf1298c457783dc",
                "sha256:e54b52745931772080e54e308137221923a809fe1f220b04ce177ffdf8d1ffc3",
                "sha256:fffca90bd9a6329f01772c2ae66ead2b6b6dbf3daed7670890f6b8b462ab72a5"
            ],
            "index": "pypi",
            "markers": "python_version >= '3.7'",
            "version": "==0.46"
        },
        "pyserial": {
            "hashes": [
                "sha256:3c77e014170dfffbd816e6ffc205e9842efb10be9f58ec16d3e8675b4925cddb",
                "sha256:c4451db6ba391ca6ca299fb3ec7bae67a5c55dde170964c7a14ceefec02f2cf0"
            ],
            "version": "==3.5"
        },
        "six": {
            "hashes": [
                "sha256:1e61c37477a1626458e36f7b1d82aa5c9b094fa4802892072e49de9c60c4c926",
                "sha256:8abb2f1d86890a2dfb989f9a77cfcfd3e47c2a354b01111771326f8aa26e0254"
            ],
            "markers": "python_version >= '2.7' and python_version not in '3.0, 3.1, 3.2, 3.3'",
            "version": "==1.16.0"
        },
        "websocket-client": {
            "hashes": [
                "sha256:17b44cc997f5c498e809b22cdf2d9c7a9e71c02c8cc2b6c56e7c2d1239bfa526",
                "sha256:3239df9f44da632f96012472805d40a23281a991027ce11d2f45a6f24ac4c3da"
            ],
            "markers": "python_version >= '3.8'",
            "version": "==1.8.0"
        }
    },
    "develop": {}
}
